// !$*UTF8*$!
{
	archiveVersion = 1;
	classes = {
	};
	objectVersion = 46;
	objects = {

/* Begin PBXBuildFile section */
		1D3623260D0F684500981E51 /* AdCatalogAppDelegate.m in Sources */ = {isa = PBXBuildFile; fileRef = 1D3623250D0F684500981E51 /* AdCatalogAppDelegate.m */; };
		1D60589B0D05DD56006BFB54 /* main.m in Sources */ = {isa = PBXBuildFile; fileRef = 29B97316FDCFA39411CA2CEA /* main.m */; };
		1D60589F0D05DD5A006BFB54 /* Foundation.framework in Frameworks */ = {isa = PBXBuildFile; fileRef = 1D30AB110D05D00D00671497 /* Foundation.framework */; };
		1DF5F4E00D08C38300B7A737 /* UIKit.framework in Frameworks */ = {isa = PBXBuildFile; fileRef = 1DF5F4DF0D08C38300B7A737 /* UIKit.framework */; };
		288765A50DF7441C002DB57D /* CoreGraphics.framework in Frameworks */ = {isa = PBXBuildFile; fileRef = 288765A40DF7441C002DB57D /* CoreGraphics.framework */; };
		6B55A0E81316FD5F009B7D03 /* AudioToolbox.framework in Frameworks */ = {isa = PBXBuildFile; fileRef = 6B55A0E71316FD5F009B7D03 /* AudioToolbox.framework */; };
		6B55A0EA1316FD5F009B7D03 /* MediaPlayer.framework in Frameworks */ = {isa = PBXBuildFile; fileRef = 6B55A0E91316FD5F009B7D03 /* MediaPlayer.framework */; };
		6B55A0EC1316FD5F009B7D03 /* MessageUI.framework in Frameworks */ = {isa = PBXBuildFile; fileRef = 6B55A0EB1316FD5F009B7D03 /* MessageUI.framework */; };
		6B55A0EE1316FD5F009B7D03 /* SystemConfiguration.framework in Frameworks */ = {isa = PBXBuildFile; fileRef = 6B55A0ED1316FD5F009B7D03 /* SystemConfiguration.framework */; };
		6B55A33413174C0F009B7D03 /* BannerCatalogController.xib in Resources */ = {isa = PBXBuildFile; fileRef = 6B55A32413174C0F009B7D03 /* BannerCatalogController.xib */; };
		6B55A33513174C0F009B7D03 /* Default.png in Resources */ = {isa = PBXBuildFile; fileRef = 6B55A32513174C0F009B7D03 /* Default.png */; };
		6B55A33613174C0F009B7D03 /* GameLevelController.xib in Resources */ = {isa = PBXBuildFile; fileRef = 6B55A32613174C0F009B7D03 /* GameLevelController.xib */; };
		6B55A33713174C0F009B7D03 /* Icon.png in Resources */ = {isa = PBXBuildFile; fileRef = 6B55A32713174C0F009B7D03 /* Icon.png */; };
		6B55A33813174C0F009B7D03 /* InitialImage.png in Resources */ = {isa = PBXBuildFile; fileRef = 6B55A32813174C0F009B7D03 /* InitialImage.png */; };
		6B55A33913174C0F009B7D03 /* InterstitialCatalogController.xib in Resources */ = {isa = PBXBuildFile; fileRef = 6B55A32913174C0F009B7D03 /* InterstitialCatalogController.xib */; };
		6B55A33A13174C0F009B7D03 /* Level0Cell.png in Resources */ = {isa = PBXBuildFile; fileRef = 6B55A32A13174C0F009B7D03 /* Level0Cell.png */; };
		6B55A33B13174C0F009B7D03 /* Level1Cell.png in Resources */ = {isa = PBXBuildFile; fileRef = 6B55A32B13174C0F009B7D03 /* Level1Cell.png */; };
		6B55A33C13174C0F009B7D03 /* MainController.xib in Resources */ = {isa = PBXBuildFile; fileRef = 6B55A32C13174C0F009B7D03 /* MainController.xib */; };
		6B55A33D13174C0F009B7D03 /* MainWindow.xib in Resources */ = {isa = PBXBuildFile; fileRef = 6B55A32D13174C0F009B7D03 /* MainWindow.xib */; };
		6B55A33E13174C0F009B7D03 /* VideoListController.xib in Resources */ = {isa = PBXBuildFile; fileRef = 6B55A32E13174C0F009B7D03 /* VideoListController.xib */; };
		6B55A33F13174C0F009B7D03 /* Earthquake.mp4 in Resources */ = {isa = PBXBuildFile; fileRef = 6B55A33013174C0F009B7D03 /* Earthquake.mp4 */; };
		6B55A34013174C0F009B7D03 /* FillInTheBlanks.mp4 in Resources */ = {isa = PBXBuildFile; fileRef = 6B55A33113174C0F009B7D03 /* FillInTheBlanks.mp4 */; };
		6B55A34113174C0F009B7D03 /* PackageTracking.mp4 in Resources */ = {isa = PBXBuildFile; fileRef = 6B55A33213174C0F009B7D03 /* PackageTracking.mp4 */; };
		6B55A41A13183627009B7D03 /* GameController.m in Sources */ = {isa = PBXBuildFile; fileRef = 6B55A40E13183627009B7D03 /* GameController.m */; };
		6B55A41B13183627009B7D03 /* GameLevelController.m in Sources */ = {isa = PBXBuildFile; fileRef = 6B55A41013183627009B7D03 /* GameLevelController.m */; };
		6B55A41C13183627009B7D03 /* InterstitialRootController.m in Sources */ = {isa = PBXBuildFile; fileRef = 6B55A41213183627009B7D03 /* InterstitialRootController.m */; };
		6B55A41D13183627009B7D03 /* VideoController.m in Sources */ = {isa = PBXBuildFile; fileRef = 6B55A41413183627009B7D03 /* VideoController.m */; };
		6B55A41E13183627009B7D03 /* VideoListController.m in Sources */ = {isa = PBXBuildFile; fileRef = 6B55A41613183627009B7D03 /* VideoListController.m */; };
		6B55A670131893ED009B7D03 /* Page0.png in Resources */ = {isa = PBXBuildFile; fileRef = 6B55A66F131893ED009B7D03 /* Page0.png */; };
		6BB0D82F1315947100BB7AEB /* MainController.m in Sources */ = {isa = PBXBuildFile; fileRef = 6BB0D82E1315947100BB7AEB /* MainController.m */; };
		6BB0D89B1315B44900BB7AEB /* BannerCatalogController.m in Sources */ = {isa = PBXBuildFile; fileRef = 6BB0D8981315B44900BB7AEB /* BannerCatalogController.m */; };
		6BB0D89C1315B44900BB7AEB /* InterstitialCatalogController.m in Sources */ = {isa = PBXBuildFile; fileRef = 6BB0D89A1315B44900BB7AEB /* InterstitialCatalogController.m */; };
		9003BFD01583E3C700505C79 /* MainWindow-iPad.xib in Resources */ = {isa = PBXBuildFile; fileRef = 9003BFCF1583E3C700505C79 /* MainWindow-iPad.xib */; };
		9020C325150F9A80002862A2 /* OpenGLExampleController.m in Sources */ = {isa = PBXBuildFile; fileRef = 9020C323150F9A80002862A2 /* OpenGLExampleController.m */; };
		9020C329150F9AE8002862A2 /* OpenGLExampleController.xib in Resources */ = {isa = PBXBuildFile; fileRef = 9020C328150F9AE8002862A2 /* OpenGLExampleController.xib */; };
		9020C33C150F9F2D002862A2 /* OpenGLES.framework in Frameworks */ = {isa = PBXBuildFile; fileRef = 9020C33B150F9F2D002862A2 /* OpenGLES.framework */; };
		9020C33E150F9F76002862A2 /* QuartzCore.framework in Frameworks */ = {isa = PBXBuildFile; fileRef = 9020C33D150F9F76002862A2 /* QuartzCore.framework */; };
		9037E9F41540850600141E45 /* TableViewExampleController.m in Sources */ = {isa = PBXBuildFile; fileRef = 9037E9F31540850600141E45 /* TableViewExampleController.m */; };
		9037E9F6154085E400141E45 /* AdvancedLayoutCatalogController.xib in Resources */ = {isa = PBXBuildFile; fileRef = 9037E9F5154085E400141E45 /* AdvancedLayoutCatalogController.xib */; };
		9049921914F6B371006D6A66 /* AdvancedLayoutCatalogController.m in Sources */ = {isa = PBXBuildFile; fileRef = 9049921714F6B371006D6A66 /* AdvancedLayoutCatalogController.m */; };
		9059E2F9154F53E600E2813A /* ScrollViewExampleController.m in Sources */ = {isa = PBXBuildFile; fileRef = 9059E2F7154F53E600E2813A /* ScrollViewExampleController.m */; };
		9059E2FC154F543600E2813A /* ScrollViewExampleController.xib in Resources */ = {isa = PBXBuildFile; fileRef = 9059E2FB154F543600E2813A /* ScrollViewExampleController.xib */; };
		9059E305154F615F00E2813A /* TabbedViewExampleController.m in Sources */ = {isa = PBXBuildFile; fileRef = 9059E303154F615E00E2813A /* TabbedViewExampleController.m */; };
		9059E308154F619E00E2813A /* TabbedViewExampleController.xib in Resources */ = {isa = PBXBuildFile; fileRef = 9059E307154F619E00E2813A /* TabbedViewExampleController.xib */; };
		9059E30C154F670300E2813A /* FirstTabbedViewController.m in Sources */ = {isa = PBXBuildFile; fileRef = 9059E30A154F670300E2813A /* FirstTabbedViewController.m */; };
		9059E30F154F672C00E2813A /* FirstTabbedViewController.xib in Resources */ = {isa = PBXBuildFile; fileRef = 9059E30E154F672C00E2813A /* FirstTabbedViewController.xib */; };
		9059E313154F675900E2813A /* SecondTabbedViewController.m in Sources */ = {isa = PBXBuildFile; fileRef = 9059E311154F675900E2813A /* SecondTabbedViewController.m */; };
		9059E316154F67A800E2813A /* SecondTabbedViewController.xib in Resources */ = {isa = PBXBuildFile; fileRef = 9059E315154F67A800E2813A /* SecondTabbedViewController.xib */; };
		906567FB152AB56300201339 /* EAGLView.m in Sources */ = {isa = PBXBuildFile; fileRef = 906567EF152AB56300201339 /* EAGLView.m */; };
		906567FC152AB56300201339 /* ES1Renderer.m in Sources */ = {isa = PBXBuildFile; fileRef = 906567F1152AB56300201339 /* ES1Renderer.m */; };
		906567FD152AB56300201339 /* ES2Renderer.m in Sources */ = {isa = PBXBuildFile; fileRef = 906567F3152AB56300201339 /* ES2Renderer.m */; };
		906567FE152AB56300201339 /* matrix.c in Sources */ = {isa = PBXBuildFile; fileRef = 906567F5152AB56300201339 /* matrix.c */; };
		906567FF152AB56300201339 /* Shaders.m in Sources */ = {isa = PBXBuildFile; fileRef = 906567F8152AB56300201339 /* Shaders.m */; };
		90656800152AB56300201339 /* template.fsh in Sources */ = {isa = PBXBuildFile; fileRef = 906567F9152AB56300201339 /* template.fsh */; };
		90656801152AB56300201339 /* template.vsh in Sources */ = {isa = PBXBuildFile; fileRef = 906567FA152AB56300201339 /* template.vsh */; };
		90A1B4B51613CEB1008819C3 /* AdSupport.framework in Frameworks */ = {isa = PBXBuildFile; fileRef = 90A1B4B41613CEB1008819C3 /* AdSupport.framework */; };
		90A1B4B71613CF27008819C3 /* Default-568h@2x.png in Resources */ = {isa = PBXBuildFile; fileRef = 90A1B4B61613CF27008819C3 /* Default-568h@2x.png */; };
		90AA068815CC9BA3008B151D /* AdCatalogUtilities.m in Sources */ = {isa = PBXBuildFile; fileRef = 90AA068715CC9BA3008B151D /* AdCatalogUtilities.m */; };
		90ABE3E31504603B005D069C /* AdvancedLayoutUseCase.m in Sources */ = {isa = PBXBuildFile; fileRef = 90ABE3E21504603B005D069C /* AdvancedLayoutUseCase.m */; };
		90ABE3E71504625E005D069C /* AdvancedLayoutDataSource.m in Sources */ = {isa = PBXBuildFile; fileRef = 90ABE3E61504625E005D069C /* AdvancedLayoutDataSource.m */; };
		90ABE40B150570B1005D069C /* TableViewExampleController.xib in Resources */ = {isa = PBXBuildFile; fileRef = 90ABE40A150570B1005D069C /* TableViewExampleController.xib */; };
		90BA222A15DAD192008E685E /* AdType.m in Sources */ = {isa = PBXBuildFile; fileRef = 90BA222915DAD192008E685E /* AdType.m */; };
		90BA222E15DAD24C008E685E /* AdTypeDataSource.m in Sources */ = {isa = PBXBuildFile; fileRef = 90BA222D15DAD24B008E685E /* AdTypeDataSource.m */; };
		90BA223115DAD522008E685E /* Movie.m in Sources */ = {isa = PBXBuildFile; fileRef = 90BA223015DAD522008E685E /* Movie.m */; };
		90BA223415DAD594008E685E /* MovieDataSource.m in Sources */ = {isa = PBXBuildFile; fileRef = 90BA223315DAD593008E685E /* MovieDataSource.m */; };
		90BA223715DAD6C1008E685E /* InterstitialUseCase.m in Sources */ = {isa = PBXBuildFile; fileRef = 90BA223615DAD6C0008E685E /* InterstitialUseCase.m */; };
		90BA223A15DAD731008E685E /* InterstitialUseCaseDataSource.m in Sources */ = {isa = PBXBuildFile; fileRef = 90BA223915DAD730008E685E /* InterstitialUseCaseDataSource.m */; };
		90BA223D15DAD900008E685E /* BannerSize.m in Sources */ = {isa = PBXBuildFile; fileRef = 90BA223C15DAD900008E685E /* BannerSize.m */; };
		90BA224015DAD95F008E685E /* BannerSizeDataSource.m in Sources */ = {isa = PBXBuildFile; fileRef = 90BA223F15DAD95E008E685E /* BannerSizeDataSource.m */; };
		90D4D93A154F7BB80060A156 /* FirstTabIcon.png in Resources */ = {isa = PBXBuildFile; fileRef = 90D4D936154F7BB80060A156 /* FirstTabIcon.png */; };
		90D4D93C154F7BB80060A156 /* SecondTabIcon.png in Resources */ = {isa = PBXBuildFile; fileRef = 90D4D938154F7BB80060A156 /* SecondTabIcon.png */; };
		CF6D953F162F5BE90087D7B8 /* StoreKit.framework in Frameworks */ = {isa = PBXBuildFile; fileRef = CF6D953E162F5BE90087D7B8 /* StoreKit.framework */; };
		CF6D9540162F5BF30087D7B8 /* libGoogleAdMobAds.a in Frameworks */ = {isa = PBXBuildFile; fileRef = CF6D953A162F5B980087D7B8 /* libGoogleAdMobAds.a */; };
/* End PBXBuildFile section */

/* Begin PBXFileReference section */
		1D30AB110D05D00D00671497 /* Foundation.framework */ = {isa = PBXFileReference; lastKnownFileType = wrapper.framework; name = Foundation.framework; path = System/Library/Frameworks/Foundation.framework; sourceTree = SDKROOT; };
		1D3623240D0F684500981E51 /* AdCatalogAppDelegate.h */ = {isa = PBXFileReference; fileEncoding = 4; lastKnownFileType = sourcecode.c.h; path = AdCatalogAppDelegate.h; sourceTree = "<group>"; };
		1D3623250D0F684500981E51 /* AdCatalogAppDelegate.m */ = {isa = PBXFileReference; fileEncoding = 4; lastKnownFileType = sourcecode.c.objc; path = AdCatalogAppDelegate.m; sourceTree = "<group>"; };
		1D6058910D05DD3D006BFB54 /* AdCatalog.app */ = {isa = PBXFileReference; explicitFileType = wrapper.application; includeInIndex = 0; path = AdCatalog.app; sourceTree = BUILT_PRODUCTS_DIR; };
		1DF5F4DF0D08C38300B7A737 /* UIKit.framework */ = {isa = PBXFileReference; lastKnownFileType = wrapper.framework; name = UIKit.framework; path = System/Library/Frameworks/UIKit.framework; sourceTree = SDKROOT; };
		20D13DDB148861C70052A4F8 /* SampleConstants.h */ = {isa = PBXFileReference; fileEncoding = 4; lastKnownFileType = sourcecode.c.h; path = SampleConstants.h; sourceTree = "<group>"; };
		288765A40DF7441C002DB57D /* CoreGraphics.framework */ = {isa = PBXFileReference; lastKnownFileType = wrapper.framework; name = CoreGraphics.framework; path = System/Library/Frameworks/CoreGraphics.framework; sourceTree = SDKROOT; };
		29B97316FDCFA39411CA2CEA /* main.m */ = {isa = PBXFileReference; fileEncoding = 4; lastKnownFileType = sourcecode.c.objc; path = main.m; sourceTree = "<group>"; };
		32CA4F630368D1EE00C91783 /* AdCatalog_Prefix.pch */ = {isa = PBXFileReference; fileEncoding = 4; lastKnownFileType = sourcecode.c.h; path = AdCatalog_Prefix.pch; sourceTree = "<group>"; };
		6B55A0E71316FD5F009B7D03 /* AudioToolbox.framework */ = {isa = PBXFileReference; lastKnownFileType = wrapper.framework; name = AudioToolbox.framework; path = System/Library/Frameworks/AudioToolbox.framework; sourceTree = SDKROOT; };
		6B55A0E91316FD5F009B7D03 /* MediaPlayer.framework */ = {isa = PBXFileReference; lastKnownFileType = wrapper.framework; name = MediaPlayer.framework; path = System/Library/Frameworks/MediaPlayer.framework; sourceTree = SDKROOT; };
		6B55A0EB1316FD5F009B7D03 /* MessageUI.framework */ = {isa = PBXFileReference; lastKnownFileType = wrapper.framework; name = MessageUI.framework; path = System/Library/Frameworks/MessageUI.framework; sourceTree = SDKROOT; };
		6B55A0ED1316FD5F009B7D03 /* SystemConfiguration.framework */ = {isa = PBXFileReference; lastKnownFileType = wrapper.framework; name = SystemConfiguration.framework; path = System/Library/Frameworks/SystemConfiguration.framework; sourceTree = SDKROOT; };
		6B55A32413174C0F009B7D03 /* BannerCatalogController.xib */ = {isa = PBXFileReference; lastKnownFileType = file.xib; name = BannerCatalogController.xib; path = Resources/BannerCatalogController.xib; sourceTree = "<group>"; };
		6B55A32513174C0F009B7D03 /* Default.png */ = {isa = PBXFileReference; lastKnownFileType = image.png; name = Default.png; path = Resources/Default.png; sourceTree = "<group>"; };
		6B55A32613174C0F009B7D03 /* GameLevelController.xib */ = {isa = PBXFileReference; lastKnownFileType = file.xib; name = GameLevelController.xib; path = Resources/GameLevelController.xib; sourceTree = "<group>"; };
		6B55A32713174C0F009B7D03 /* Icon.png */ = {isa = PBXFileReference; lastKnownFileType = image.png; name = Icon.png; path = Resources/Icon.png; sourceTree = "<group>"; };
		6B55A32813174C0F009B7D03 /* InitialImage.png */ = {isa = PBXFileReference; lastKnownFileType = image.png; name = InitialImage.png; path = Resources/InitialImage.png; sourceTree = "<group>"; };
		6B55A32913174C0F009B7D03 /* InterstitialCatalogController.xib */ = {isa = PBXFileReference; lastKnownFileType = file.xib; name = InterstitialCatalogController.xib; path = Resources/InterstitialCatalogController.xib; sourceTree = "<group>"; };
		6B55A32A13174C0F009B7D03 /* Level0Cell.png */ = {isa = PBXFileReference; lastKnownFileType = image.png; name = Level0Cell.png; path = Resources/Level0Cell.png; sourceTree = "<group>"; };
		6B55A32B13174C0F009B7D03 /* Level1Cell.png */ = {isa = PBXFileReference; lastKnownFileType = image.png; name = Level1Cell.png; path = Resources/Level1Cell.png; sourceTree = "<group>"; };
		6B55A32C13174C0F009B7D03 /* MainController.xib */ = {isa = PBXFileReference; lastKnownFileType = file.xib; name = MainController.xib; path = Resources/MainController.xib; sourceTree = "<group>"; };
		6B55A32D13174C0F009B7D03 /* MainWindow.xib */ = {isa = PBXFileReference; lastKnownFileType = file.xib; name = MainWindow.xib; path = Resources/MainWindow.xib; sourceTree = "<group>"; };
		6B55A32E13174C0F009B7D03 /* VideoListController.xib */ = {isa = PBXFileReference; lastKnownFileType = file.xib; name = VideoListController.xib; path = Resources/VideoListController.xib; sourceTree = "<group>"; };
		6B55A33013174C0F009B7D03 /* Earthquake.mp4 */ = {isa = PBXFileReference; lastKnownFileType = file; path = Earthquake.mp4; sourceTree = "<group>"; };
		6B55A33113174C0F009B7D03 /* FillInTheBlanks.mp4 */ = {isa = PBXFileReference; lastKnownFileType = file; path = FillInTheBlanks.mp4; sourceTree = "<group>"; };
		6B55A33213174C0F009B7D03 /* PackageTracking.mp4 */ = {isa = PBXFileReference; lastKnownFileType = file; path = PackageTracking.mp4; sourceTree = "<group>"; };
		6B55A36013174DF1009B7D03 /* AdCatalog-Info.plist */ = {isa = PBXFileReference; fileEncoding = 4; lastKnownFileType = text.plist.xml; path = "AdCatalog-Info.plist"; sourceTree = "<group>"; };
		6B55A40D13183627009B7D03 /* GameController.h */ = {isa = PBXFileReference; fileEncoding = 4; lastKnownFileType = sourcecode.c.h; path = GameController.h; sourceTree = "<group>"; };
		6B55A40E13183627009B7D03 /* GameController.m */ = {isa = PBXFileReference; fileEncoding = 4; lastKnownFileType = sourcecode.c.objc; path = GameController.m; sourceTree = "<group>"; };
		6B55A40F13183627009B7D03 /* GameLevelController.h */ = {isa = PBXFileReference; fileEncoding = 4; lastKnownFileType = sourcecode.c.h; path = GameLevelController.h; sourceTree = "<group>"; };
		6B55A41013183627009B7D03 /* GameLevelController.m */ = {isa = PBXFileReference; fileEncoding = 4; lastKnownFileType = sourcecode.c.objc; path = GameLevelController.m; sourceTree = "<group>"; };
		6B55A41113183627009B7D03 /* InterstitialRootController.h */ = {isa = PBXFileReference; fileEncoding = 4; lastKnownFileType = sourcecode.c.h; path = InterstitialRootController.h; sourceTree = "<group>"; };
		6B55A41213183627009B7D03 /* InterstitialRootController.m */ = {isa = PBXFileReference; fileEncoding = 4; lastKnownFileType = sourcecode.c.objc; path = InterstitialRootController.m; sourceTree = "<group>"; };
		6B55A41313183627009B7D03 /* VideoController.h */ = {isa = PBXFileReference; fileEncoding = 4; lastKnownFileType = sourcecode.c.h; path = VideoController.h; sourceTree = "<group>"; };
		6B55A41413183627009B7D03 /* VideoController.m */ = {isa = PBXFileReference; fileEncoding = 4; lastKnownFileType = sourcecode.c.objc; path = VideoController.m; sourceTree = "<group>"; };
		6B55A41513183627009B7D03 /* VideoListController.h */ = {isa = PBXFileReference; fileEncoding = 4; lastKnownFileType = sourcecode.c.h; path = VideoListController.h; sourceTree = "<group>"; };
		6B55A41613183627009B7D03 /* VideoListController.m */ = {isa = PBXFileReference; fileEncoding = 4; lastKnownFileType = sourcecode.c.objc; path = VideoListController.m; sourceTree = "<group>"; };
		6B55A66F131893ED009B7D03 /* Page0.png */ = {isa = PBXFileReference; lastKnownFileType = image.png; name = Page0.png; path = Resources/Page0.png; sourceTree = "<group>"; };
		6BB0D82D1315947100BB7AEB /* MainController.h */ = {isa = PBXFileReference; fileEncoding = 4; lastKnownFileType = sourcecode.c.h; path = MainController.h; sourceTree = "<group>"; };
		6BB0D82E1315947100BB7AEB /* MainController.m */ = {isa = PBXFileReference; fileEncoding = 4; lastKnownFileType = sourcecode.c.objc; path = MainController.m; sourceTree = "<group>"; };
		6BB0D8971315B44900BB7AEB /* BannerCatalogController.h */ = {isa = PBXFileReference; fileEncoding = 4; lastKnownFileType = sourcecode.c.h; path = BannerCatalogController.h; sourceTree = "<group>"; };
		6BB0D8981315B44900BB7AEB /* BannerCatalogController.m */ = {isa = PBXFileReference; fileEncoding = 4; lastKnownFileType = sourcecode.c.objc; path = BannerCatalogController.m; sourceTree = "<group>"; };
		6BB0D8991315B44900BB7AEB /* InterstitialCatalogController.h */ = {isa = PBXFileReference; fileEncoding = 4; lastKnownFileType = sourcecode.c.h; path = InterstitialCatalogController.h; sourceTree = "<group>"; };
		6BB0D89A1315B44900BB7AEB /* InterstitialCatalogController.m */ = {isa = PBXFileReference; fileEncoding = 4; lastKnownFileType = sourcecode.c.objc; path = InterstitialCatalogController.m; sourceTree = "<group>"; };
		9003BFCF1583E3C700505C79 /* MainWindow-iPad.xib */ = {isa = PBXFileReference; lastKnownFileType = file.xib; name = "MainWindow-iPad.xib"; path = "Resources/iPad/MainWindow-iPad.xib"; sourceTree = "<group>"; };
		9020C322150F9A7F002862A2 /* OpenGLExampleController.h */ = {isa = PBXFileReference; fileEncoding = 4; lastKnownFileType = sourcecode.c.h; name = OpenGLExampleController.h; path = OpenGLExample/OpenGLExampleController.h; sourceTree = "<group>"; };
		9020C323150F9A80002862A2 /* OpenGLExampleController.m */ = {isa = PBXFileReference; fileEncoding = 4; lastKnownFileType = sourcecode.c.objc; name = OpenGLExampleController.m; path = OpenGLExample/OpenGLExampleController.m; sourceTree = "<group>"; };
		9020C328150F9AE8002862A2 /* OpenGLExampleController.xib */ = {isa = PBXFileReference; fileEncoding = 4; lastKnownFileType = file.xib; name = OpenGLExampleController.xib; path = Resources/OpenGLExampleController.xib; sourceTree = "<group>"; };
		9020C33B150F9F2D002862A2 /* OpenGLES.framework */ = {isa = PBXFileReference; lastKnownFileType = wrapper.framework; name = OpenGLES.framework; path = System/Library/Frameworks/OpenGLES.framework; sourceTree = SDKROOT; };
		9020C33D150F9F76002862A2 /* QuartzCore.framework */ = {isa = PBXFileReference; lastKnownFileType = wrapper.framework; name = QuartzCore.framework; path = System/Library/Frameworks/QuartzCore.framework; sourceTree = SDKROOT; };
		9037E9F21540850600141E45 /* TableViewExampleController.h */ = {isa = PBXFileReference; fileEncoding = 4; lastKnownFileType = sourcecode.c.h; path = TableViewExampleController.h; sourceTree = "<group>"; };
		9037E9F31540850600141E45 /* TableViewExampleController.m */ = {isa = PBXFileReference; fileEncoding = 4; lastKnownFileType = sourcecode.c.objc; path = TableViewExampleController.m; sourceTree = "<group>"; };
		9037E9F5154085E400141E45 /* AdvancedLayoutCatalogController.xib */ = {isa = PBXFileReference; fileEncoding = 4; lastKnownFileType = file.xib; name = AdvancedLayoutCatalogController.xib; path = Resources/AdvancedLayoutCatalogController.xib; sourceTree = "<group>"; };
		9049921614F6B371006D6A66 /* AdvancedLayoutCatalogController.h */ = {isa = PBXFileReference; fileEncoding = 4; lastKnownFileType = sourcecode.c.h; path = AdvancedLayoutCatalogController.h; sourceTree = "<group>"; };
		9049921714F6B371006D6A66 /* AdvancedLayoutCatalogController.m */ = {isa = PBXFileReference; fileEncoding = 4; lastKnownFileType = sourcecode.c.objc; path = AdvancedLayoutCatalogController.m; sourceTree = "<group>"; };
		9059E2F6154F53E600E2813A /* ScrollViewExampleController.h */ = {isa = PBXFileReference; fileEncoding = 4; lastKnownFileType = sourcecode.c.h; name = ScrollViewExampleController.h; path = ScrollViewExample/ScrollViewExampleController.h; sourceTree = "<group>"; };
		9059E2F7154F53E600E2813A /* ScrollViewExampleController.m */ = {isa = PBXFileReference; fileEncoding = 4; lastKnownFileType = sourcecode.c.objc; name = ScrollViewExampleController.m; path = ScrollViewExample/ScrollViewExampleController.m; sourceTree = "<group>"; };
		9059E2FB154F543600E2813A /* ScrollViewExampleController.xib */ = {isa = PBXFileReference; fileEncoding = 4; lastKnownFileType = file.xib; name = ScrollViewExampleController.xib; path = Resources/ScrollViewExampleController.xib; sourceTree = "<group>"; };
		9059E302154F615E00E2813A /* TabbedViewExampleController.h */ = {isa = PBXFileReference; fileEncoding = 4; lastKnownFileType = sourcecode.c.h; name = TabbedViewExampleController.h; path = TabbedViewExample/TabbedViewExampleController.h; sourceTree = "<group>"; };
		9059E303154F615E00E2813A /* TabbedViewExampleController.m */ = {isa = PBXFileReference; fileEncoding = 4; lastKnownFileType = sourcecode.c.objc; name = TabbedViewExampleController.m; path = TabbedViewExample/TabbedViewExampleController.m; sourceTree = "<group>"; };
		9059E307154F619E00E2813A /* TabbedViewExampleController.xib */ = {isa = PBXFileReference; fileEncoding = 4; lastKnownFileType = file.xib; name = TabbedViewExampleController.xib; path = Resources/TabbedViewExampleController.xib; sourceTree = "<group>"; };
		9059E309154F670300E2813A /* FirstTabbedViewController.h */ = {isa = PBXFileReference; fileEncoding = 4; lastKnownFileType = sourcecode.c.h; name = FirstTabbedViewController.h; path = TabbedViewExample/FirstTabbedViewController.h; sourceTree = "<group>"; };
		9059E30A154F670300E2813A /* FirstTabbedViewController.m */ = {isa = PBXFileReference; fileEncoding = 4; lastKnownFileType = sourcecode.c.objc; name = FirstTabbedViewController.m; path = TabbedViewExample/FirstTabbedViewController.m; sourceTree = "<group>"; };
		9059E30E154F672C00E2813A /* FirstTabbedViewController.xib */ = {isa = PBXFileReference; fileEncoding = 4; lastKnownFileType = file.xib; name = FirstTabbedViewController.xib; path = Resources/FirstTabbedViewController.xib; sourceTree = "<group>"; };
		9059E310154F675900E2813A /* SecondTabbedViewController.h */ = {isa = PBXFileReference; fileEncoding = 4; lastKnownFileType = sourcecode.c.h; name = SecondTabbedViewController.h; path = TabbedViewExample/SecondTabbedViewController.h; sourceTree = "<group>"; };
		9059E311154F675900E2813A /* SecondTabbedViewController.m */ = {isa = PBXFileReference; fileEncoding = 4; lastKnownFileType = sourcecode.c.objc; name = SecondTabbedViewController.m; path = TabbedViewExample/SecondTabbedViewController.m; sourceTree = "<group>"; };
		9059E315154F67A800E2813A /* SecondTabbedViewController.xib */ = {isa = PBXFileReference; fileEncoding = 4; lastKnownFileType = file.xib; name = SecondTabbedViewController.xib; path = Resources/SecondTabbedViewController.xib; sourceTree = "<group>"; };
		906567EE152AB56300201339 /* EAGLView.h */ = {isa = PBXFileReference; fileEncoding = 4; lastKnownFileType = sourcecode.c.h; path = EAGLView.h; sourceTree = "<group>"; };
		906567EF152AB56300201339 /* EAGLView.m */ = {isa = PBXFileReference; fileEncoding = 4; lastKnownFileType = sourcecode.c.objc; path = EAGLView.m; sourceTree = "<group>"; };
		906567F0152AB56300201339 /* ES1Renderer.h */ = {isa = PBXFileReference; fileEncoding = 4; lastKnownFileType = sourcecode.c.h; path = ES1Renderer.h; sourceTree = "<group>"; };
		906567F1152AB56300201339 /* ES1Renderer.m */ = {isa = PBXFileReference; fileEncoding = 4; lastKnownFileType = sourcecode.c.objc; path = ES1Renderer.m; sourceTree = "<group>"; };
		906567F2152AB56300201339 /* ES2Renderer.h */ = {isa = PBXFileReference; fileEncoding = 4; lastKnownFileType = sourcecode.c.h; path = ES2Renderer.h; sourceTree = "<group>"; };
		906567F3152AB56300201339 /* ES2Renderer.m */ = {isa = PBXFileReference; fileEncoding = 4; lastKnownFileType = sourcecode.c.objc; path = ES2Renderer.m; sourceTree = "<group>"; };
		906567F4152AB56300201339 /* ESRenderer.h */ = {isa = PBXFileReference; fileEncoding = 4; lastKnownFileType = sourcecode.c.h; path = ESRenderer.h; sourceTree = "<group>"; };
		906567F5152AB56300201339 /* matrix.c */ = {isa = PBXFileReference; fileEncoding = 4; lastKnownFileType = sourcecode.c.c; path = matrix.c; sourceTree = "<group>"; };
		906567F6152AB56300201339 /* matrix.h */ = {isa = PBXFileReference; fileEncoding = 4; lastKnownFileType = sourcecode.c.h; path = matrix.h; sourceTree = "<group>"; };
		906567F7152AB56300201339 /* Shaders.h */ = {isa = PBXFileReference; fileEncoding = 4; lastKnownFileType = sourcecode.c.h; path = Shaders.h; sourceTree = "<group>"; };
		906567F8152AB56300201339 /* Shaders.m */ = {isa = PBXFileReference; fileEncoding = 4; lastKnownFileType = sourcecode.c.objc; path = Shaders.m; sourceTree = "<group>"; };
		906567F9152AB56300201339 /* template.fsh */ = {isa = PBXFileReference; fileEncoding = 4; lastKnownFileType = sourcecode.glsl; path = template.fsh; sourceTree = "<group>"; };
		906567FA152AB56300201339 /* template.vsh */ = {isa = PBXFileReference; fileEncoding = 4; lastKnownFileType = sourcecode.glsl; path = template.vsh; sourceTree = "<group>"; };
		90A1B4B41613CEB1008819C3 /* AdSupport.framework */ = {isa = PBXFileReference; lastKnownFileType = wrapper.framework; name = AdSupport.framework; path = System/Library/Frameworks/AdSupport.framework; sourceTree = SDKROOT; };
		90A1B4B61613CF27008819C3 /* Default-568h@2x.png */ = {isa = PBXFileReference; lastKnownFileType = image.png; path = "Default-568h@2x.png"; sourceTree = "<group>"; };
		90AA068615CC9BA3008B151D /* AdCatalogUtilities.h */ = {isa = PBXFileReference; fileEncoding = 4; lastKnownFileType = sourcecode.c.h; path = AdCatalogUtilities.h; sourceTree = "<group>"; };
		90AA068715CC9BA3008B151D /* AdCatalogUtilities.m */ = {isa = PBXFileReference; fileEncoding = 4; lastKnownFileType = sourcecode.c.objc; path = AdCatalogUtilities.m; sourceTree = "<group>"; };
		90ABE3E11504603B005D069C /* AdvancedLayoutUseCase.h */ = {isa = PBXFileReference; fileEncoding = 4; lastKnownFileType = sourcecode.c.h; path = AdvancedLayoutUseCase.h; sourceTree = "<group>"; };
		90ABE3E21504603B005D069C /* AdvancedLayoutUseCase.m */ = {isa = PBXFileReference; fileEncoding = 4; lastKnownFileType = sourcecode.c.objc; path = AdvancedLayoutUseCase.m; sourceTree = "<group>"; };
		90ABE3E51504625E005D069C /* AdvancedLayoutDataSource.h */ = {isa = PBXFileReference; fileEncoding = 4; lastKnownFileType = sourcecode.c.h; path = AdvancedLayoutDataSource.h; sourceTree = "<group>"; };
		90ABE3E61504625E005D069C /* AdvancedLayoutDataSource.m */ = {isa = PBXFileReference; fileEncoding = 4; lastKnownFileType = sourcecode.c.objc; path = AdvancedLayoutDataSource.m; sourceTree = "<group>"; };
		90ABE40A150570B1005D069C /* TableViewExampleController.xib */ = {isa = PBXFileReference; fileEncoding = 4; lastKnownFileType = file.xib; name = TableViewExampleController.xib; path = Resources/TableViewExampleController.xib; sourceTree = "<group>"; };
		90BA222815DAD192008E685E /* AdType.h */ = {isa = PBXFileReference; fileEncoding = 4; lastKnownFileType = sourcecode.c.h; path = AdType.h; sourceTree = "<group>"; };
		90BA222915DAD192008E685E /* AdType.m */ = {isa = PBXFileReference; fileEncoding = 4; lastKnownFileType = sourcecode.c.objc; path = AdType.m; sourceTree = "<group>"; };
		90BA222C15DAD24B008E685E /* AdTypeDataSource.h */ = {isa = PBXFileReference; fileEncoding = 4; lastKnownFileType = sourcecode.c.h; path = AdTypeDataSource.h; sourceTree = "<group>"; };
		90BA222D15DAD24B008E685E /* AdTypeDataSource.m */ = {isa = PBXFileReference; fileEncoding = 4; lastKnownFileType = sourcecode.c.objc; path = AdTypeDataSource.m; sourceTree = "<group>"; };
		90BA222F15DAD522008E685E /* Movie.h */ = {isa = PBXFileReference; fileEncoding = 4; lastKnownFileType = sourcecode.c.h; path = Movie.h; sourceTree = "<group>"; };
		90BA223015DAD522008E685E /* Movie.m */ = {isa = PBXFileReference; fileEncoding = 4; lastKnownFileType = sourcecode.c.objc; path = Movie.m; sourceTree = "<group>"; };
		90BA223215DAD593008E685E /* MovieDataSource.h */ = {isa = PBXFileReference; fileEncoding = 4; lastKnownFileType = sourcecode.c.h; path = MovieDataSource.h; sourceTree = "<group>"; };
		90BA223315DAD593008E685E /* MovieDataSource.m */ = {isa = PBXFileReference; fileEncoding = 4; lastKnownFileType = sourcecode.c.objc; path = MovieDataSource.m; sourceTree = "<group>"; };
		90BA223515DAD6C0008E685E /* InterstitialUseCase.h */ = {isa = PBXFileReference; fileEncoding = 4; lastKnownFileType = sourcecode.c.h; path = InterstitialUseCase.h; sourceTree = "<group>"; };
		90BA223615DAD6C0008E685E /* InterstitialUseCase.m */ = {isa = PBXFileReference; fileEncoding = 4; lastKnownFileType = sourcecode.c.objc; path = InterstitialUseCase.m; sourceTree = "<group>"; };
		90BA223815DAD72F008E685E /* InterstitialUseCaseDataSource.h */ = {isa = PBXFileReference; fileEncoding = 4; lastKnownFileType = sourcecode.c.h; path = InterstitialUseCaseDataSource.h; sourceTree = "<group>"; };
		90BA223915DAD730008E685E /* InterstitialUseCaseDataSource.m */ = {isa = PBXFileReference; fileEncoding = 4; lastKnownFileType = sourcecode.c.objc; path = InterstitialUseCaseDataSource.m; sourceTree = "<group>"; };
		90BA223B15DAD8FF008E685E /* BannerSize.h */ = {isa = PBXFileReference; fileEncoding = 4; lastKnownFileType = sourcecode.c.h; path = BannerSize.h; sourceTree = "<group>"; };
		90BA223C15DAD900008E685E /* BannerSize.m */ = {isa = PBXFileReference; fileEncoding = 4; lastKnownFileType = sourcecode.c.objc; path = BannerSize.m; sourceTree = "<group>"; };
		90BA223E15DAD95D008E685E /* BannerSizeDataSource.h */ = {isa = PBXFileReference; fileEncoding = 4; lastKnownFileType = sourcecode.c.h; path = BannerSizeDataSource.h; sourceTree = "<group>"; };
		90BA223F15DAD95E008E685E /* BannerSizeDataSource.m */ = {isa = PBXFileReference; fileEncoding = 4; lastKnownFileType = sourcecode.c.objc; path = BannerSizeDataSource.m; sourceTree = "<group>"; };
		90D4D936154F7BB80060A156 /* FirstTabIcon.png */ = {isa = PBXFileReference; lastKnownFileType = image.png; name = FirstTabIcon.png; path = Resources/FirstTabIcon.png; sourceTree = "<group>"; };
		90D4D938154F7BB80060A156 /* SecondTabIcon.png */ = {isa = PBXFileReference; lastKnownFileType = image.png; name = SecondTabIcon.png; path = Resources/SecondTabIcon.png; sourceTree = "<group>"; };
		CF6D9531162F5B980087D7B8 /* GADAdMobExtras.h */ = {isa = PBXFileReference; fileEncoding = 4; lastKnownFileType = sourcecode.c.h; path = GADAdMobExtras.h; sourceTree = "<group>"; };
		CF6D9532162F5B980087D7B8 /* GADAdNetworkExtras.h */ = {isa = PBXFileReference; fileEncoding = 4; lastKnownFileType = sourcecode.c.h; path = GADAdNetworkExtras.h; sourceTree = "<group>"; };
		CF6D9533162F5B980087D7B8 /* GADAdSize.h */ = {isa = PBXFileReference; fileEncoding = 4; lastKnownFileType = sourcecode.c.h; path = GADAdSize.h; sourceTree = "<group>"; };
		CF6D9534162F5B980087D7B8 /* GADBannerView.h */ = {isa = PBXFileReference; fileEncoding = 4; lastKnownFileType = sourcecode.c.h; path = GADBannerView.h; sourceTree = "<group>"; };
		CF6D9535162F5B980087D7B8 /* GADBannerViewDelegate.h */ = {isa = PBXFileReference; fileEncoding = 4; lastKnownFileType = sourcecode.c.h; path = GADBannerViewDelegate.h; sourceTree = "<group>"; };
		CF6D9536162F5B980087D7B8 /* GADInterstitial.h */ = {isa = PBXFileReference; fileEncoding = 4; lastKnownFileType = sourcecode.c.h; path = GADInterstitial.h; sourceTree = "<group>"; };
		CF6D9537162F5B980087D7B8 /* GADInterstitialDelegate.h */ = {isa = PBXFileReference; fileEncoding = 4; lastKnownFileType = sourcecode.c.h; path = GADInterstitialDelegate.h; sourceTree = "<group>"; };
		CF6D9538162F5B980087D7B8 /* GADRequest.h */ = {isa = PBXFileReference; fileEncoding = 4; lastKnownFileType = sourcecode.c.h; path = GADRequest.h; sourceTree = "<group>"; };
		CF6D9539162F5B980087D7B8 /* GADRequestError.h */ = {isa = PBXFileReference; fileEncoding = 4; lastKnownFileType = sourcecode.c.h; path = GADRequestError.h; sourceTree = "<group>"; };
		CF6D953A162F5B980087D7B8 /* libGoogleAdMobAds.a */ = {isa = PBXFileReference; lastKnownFileType = archive.ar; path = libGoogleAdMobAds.a; sourceTree = "<group>"; };
		CF6D953E162F5BE90087D7B8 /* StoreKit.framework */ = {isa = PBXFileReference; lastKnownFileType = wrapper.framework; name = StoreKit.framework; path = System/Library/Frameworks/StoreKit.framework; sourceTree = SDKROOT; };
/* End PBXFileReference section */

/* Begin PBXFrameworksBuildPhase section */
		1D60588F0D05DD3D006BFB54 /* Frameworks */ = {
			isa = PBXFrameworksBuildPhase;
			buildActionMask = 2147483647;
			files = (
				CF6D9540162F5BF30087D7B8 /* libGoogleAdMobAds.a in Frameworks */,
				CF6D953F162F5BE90087D7B8 /* StoreKit.framework in Frameworks */,
				90A1B4B51613CEB1008819C3 /* AdSupport.framework in Frameworks */,
				9020C33E150F9F76002862A2 /* QuartzCore.framework in Frameworks */,
				9020C33C150F9F2D002862A2 /* OpenGLES.framework in Frameworks */,
				1D60589F0D05DD5A006BFB54 /* Foundation.framework in Frameworks */,
				1DF5F4E00D08C38300B7A737 /* UIKit.framework in Frameworks */,
				288765A50DF7441C002DB57D /* CoreGraphics.framework in Frameworks */,
				6B55A0E81316FD5F009B7D03 /* AudioToolbox.framework in Frameworks */,
				6B55A0EA1316FD5F009B7D03 /* MediaPlayer.framework in Frameworks */,
				6B55A0EC1316FD5F009B7D03 /* MessageUI.framework in Frameworks */,
				6B55A0EE1316FD5F009B7D03 /* SystemConfiguration.framework in Frameworks */,
			);
			runOnlyForDeploymentPostprocessing = 0;
		};
/* End PBXFrameworksBuildPhase section */

/* Begin PBXGroup section */
		080E96DDFE201D6D7F000001 /* Classes */ = {
			isa = PBXGroup;
			children = (
				CF6D9530162F5B980087D7B8 /* GoogleAdMobAdsSDK */,
				1D3623240D0F684500981E51 /* AdCatalogAppDelegate.h */,
				1D3623250D0F684500981E51 /* AdCatalogAppDelegate.m */,
				90AA068615CC9BA3008B151D /* AdCatalogUtilities.h */,
				90AA068715CC9BA3008B151D /* AdCatalogUtilities.m */,
				6BB0D8971315B44900BB7AEB /* BannerCatalogController.h */,
				6BB0D8981315B44900BB7AEB /* BannerCatalogController.m */,
				6BB0D8991315B44900BB7AEB /* InterstitialCatalogController.h */,
				6BB0D89A1315B44900BB7AEB /* InterstitialCatalogController.m */,
				6BB0D82D1315947100BB7AEB /* MainController.h */,
				6BB0D82E1315947100BB7AEB /* MainController.m */,
				9049921614F6B371006D6A66 /* AdvancedLayoutCatalogController.h */,
				9049921714F6B371006D6A66 /* AdvancedLayoutCatalogController.m */,
				90ABE4001505387B005D069C /* AdvancedLayoutUseCases */,
				6B55A40C13183627009B7D03 /* InterstitialUseCases */,
				6B55A4AC13184407009B7D03 /* TableViewEnumerations */,
				20D13DDB148861C70052A4F8 /* SampleConstants.h */,
			);
			path = Classes;
			sourceTree = "<group>";
		};
		19C28FACFE9D520D11CA2CBB /* Products */ = {
			isa = PBXGroup;
			children = (
				1D6058910D05DD3D006BFB54 /* AdCatalog.app */,
			);
			name = Products;
			sourceTree = "<group>";
		};
		29B97314FDCFA39411CA2CEA /* CustomTemplate */ = {
			isa = PBXGroup;
			children = (
				080E96DDFE201D6D7F000001 /* Classes */,
				29B97315FDCFA39411CA2CEA /* Other Sources */,
				29B97317FDCFA39411CA2CEA /* Resources */,
				9003BFCE1583E3C600505C79 /* iPad */,
				29B97323FDCFA39411CA2CEA /* Frameworks */,
				19C28FACFE9D520D11CA2CBB /* Products */,
			);
			name = CustomTemplate;
			sourceTree = "<group>";
		};
		29B97315FDCFA39411CA2CEA /* Other Sources */ = {
			isa = PBXGroup;
			children = (
				32CA4F630368D1EE00C91783 /* AdCatalog_Prefix.pch */,
				29B97316FDCFA39411CA2CEA /* main.m */,
			);
			name = "Other Sources";
			sourceTree = "<group>";
		};
		29B97317FDCFA39411CA2CEA /* Resources */ = {
			isa = PBXGroup;
			children = (
				90A1B4B61613CF27008819C3 /* Default-568h@2x.png */,
				90D4D936154F7BB80060A156 /* FirstTabIcon.png */,
				90D4D938154F7BB80060A156 /* SecondTabIcon.png */,
				9059E315154F67A800E2813A /* SecondTabbedViewController.xib */,
				9059E30E154F672C00E2813A /* FirstTabbedViewController.xib */,
				9059E307154F619E00E2813A /* TabbedViewExampleController.xib */,
				9059E2FB154F543600E2813A /* ScrollViewExampleController.xib */,
				9037E9F5154085E400141E45 /* AdvancedLayoutCatalogController.xib */,
				9020C328150F9AE8002862A2 /* OpenGLExampleController.xib */,
				90ABE40A150570B1005D069C /* TableViewExampleController.xib */,
				6B55A36013174DF1009B7D03 /* AdCatalog-Info.plist */,
				6B55A32413174C0F009B7D03 /* BannerCatalogController.xib */,
				6B55A32513174C0F009B7D03 /* Default.png */,
				6B55A32613174C0F009B7D03 /* GameLevelController.xib */,
				6B55A32713174C0F009B7D03 /* Icon.png */,
				6B55A32813174C0F009B7D03 /* InitialImage.png */,
				6B55A32913174C0F009B7D03 /* InterstitialCatalogController.xib */,
				6B55A32A13174C0F009B7D03 /* Level0Cell.png */,
				6B55A32B13174C0F009B7D03 /* Level1Cell.png */,
				6B55A32C13174C0F009B7D03 /* MainController.xib */,
				6B55A32D13174C0F009B7D03 /* MainWindow.xib */,
				6B55A66F131893ED009B7D03 /* Page0.png */,
				6B55A32E13174C0F009B7D03 /* VideoListController.xib */,
				6B55A32F13174C0F009B7D03 /* Videos */,
			);
			name = Resources;
			sourceTree = "<group>";
		};
		29B97323FDCFA39411CA2CEA /* Frameworks */ = {
			isa = PBXGroup;
			children = (
				CF6D953E162F5BE90087D7B8 /* StoreKit.framework */,
				90A1B4B41613CEB1008819C3 /* AdSupport.framework */,
				9020C33D150F9F76002862A2 /* QuartzCore.framework */,
				9020C33B150F9F2D002862A2 /* OpenGLES.framework */,
				1DF5F4DF0D08C38300B7A737 /* UIKit.framework */,
				1D30AB110D05D00D00671497 /* Foundation.framework */,
				288765A40DF7441C002DB57D /* CoreGraphics.framework */,
				6B55A0E71316FD5F009B7D03 /* AudioToolbox.framework */,
				6B55A0E91316FD5F009B7D03 /* MediaPlayer.framework */,
				6B55A0EB1316FD5F009B7D03 /* MessageUI.framework */,
				6B55A0ED1316FD5F009B7D03 /* SystemConfiguration.framework */,
			);
			name = Frameworks;
			sourceTree = "<group>";
		};
		6B55A32F13174C0F009B7D03 /* Videos */ = {
			isa = PBXGroup;
			children = (
				6B55A33013174C0F009B7D03 /* Earthquake.mp4 */,
				6B55A33113174C0F009B7D03 /* FillInTheBlanks.mp4 */,
				6B55A33213174C0F009B7D03 /* PackageTracking.mp4 */,
			);
			name = Videos;
			path = Resources/Videos;
			sourceTree = "<group>";
		};
		6B55A40C13183627009B7D03 /* InterstitialUseCases */ = {
			isa = PBXGroup;
			children = (
				6B55A40D13183627009B7D03 /* GameController.h */,
				6B55A40E13183627009B7D03 /* GameController.m */,
				6B55A40F13183627009B7D03 /* GameLevelController.h */,
				6B55A41013183627009B7D03 /* GameLevelController.m */,
				6B55A41113183627009B7D03 /* InterstitialRootController.h */,
				6B55A41213183627009B7D03 /* InterstitialRootController.m */,
				6B55A41513183627009B7D03 /* VideoListController.h */,
				6B55A41613183627009B7D03 /* VideoListController.m */,
				6B55A41313183627009B7D03 /* VideoController.h */,
				6B55A41413183627009B7D03 /* VideoController.m */,
			);
			path = InterstitialUseCases;
			sourceTree = "<group>";
		};
		6B55A4AC13184407009B7D03 /* TableViewEnumerations */ = {
			isa = PBXGroup;
			children = (
				90BA223B15DAD8FF008E685E /* BannerSize.h */,
				90BA223C15DAD900008E685E /* BannerSize.m */,
				90BA223E15DAD95D008E685E /* BannerSizeDataSource.h */,
				90BA223F15DAD95E008E685E /* BannerSizeDataSource.m */,
				90BA223515DAD6C0008E685E /* InterstitialUseCase.h */,
				90BA223615DAD6C0008E685E /* InterstitialUseCase.m */,
				90BA223815DAD72F008E685E /* InterstitialUseCaseDataSource.h */,
				90BA223915DAD730008E685E /* InterstitialUseCaseDataSource.m */,
				90BA222F15DAD522008E685E /* Movie.h */,
				90BA223015DAD522008E685E /* Movie.m */,
				90BA223215DAD593008E685E /* MovieDataSource.h */,
				90BA223315DAD593008E685E /* MovieDataSource.m */,
				90BA222815DAD192008E685E /* AdType.h */,
				90BA222915DAD192008E685E /* AdType.m */,
				90BA222C15DAD24B008E685E /* AdTypeDataSource.h */,
				90BA222D15DAD24B008E685E /* AdTypeDataSource.m */,
				90ABE3E11504603B005D069C /* AdvancedLayoutUseCase.h */,
				90ABE3E21504603B005D069C /* AdvancedLayoutUseCase.m */,
				90ABE3E51504625E005D069C /* AdvancedLayoutDataSource.h */,
				90ABE3E61504625E005D069C /* AdvancedLayoutDataSource.m */,
			);
			path = TableViewEnumerations;
			sourceTree = "<group>";
		};
		9003BFCE1583E3C600505C79 /* iPad */ = {
			isa = PBXGroup;
			children = (
				9003BFCF1583E3C700505C79 /* MainWindow-iPad.xib */,
			);
			name = iPad;
			sourceTree = "<group>";
		};
		9020C327150F9A9B002862A2 /* OpenGLExample */ = {
			isa = PBXGroup;
			children = (
				906567ED152AB56300201339 /* GLES2Sample */,
				9020C322150F9A7F002862A2 /* OpenGLExampleController.h */,
				9020C323150F9A80002862A2 /* OpenGLExampleController.m */,
			);
			name = OpenGLExample;
			sourceTree = "<group>";
		};
		9037E9F11540850600141E45 /* TableViewExample */ = {
			isa = PBXGroup;
			children = (
				9037E9F21540850600141E45 /* TableViewExampleController.h */,
				9037E9F31540850600141E45 /* TableViewExampleController.m */,
			);
			path = TableViewExample;
			sourceTree = "<group>";
		};
		9059E2F4154F53AB00E2813A /* ScrollViewExample */ = {
			isa = PBXGroup;
			children = (
				9059E2F6154F53E600E2813A /* ScrollViewExampleController.h */,
				9059E2F7154F53E600E2813A /* ScrollViewExampleController.m */,
			);
			name = ScrollViewExample;
			sourceTree = "<group>";
		};
		9059E301154F610D00E2813A /* TabbedViewExample */ = {
			isa = PBXGroup;
			children = (
				9059E302154F615E00E2813A /* TabbedViewExampleController.h */,
				9059E303154F615E00E2813A /* TabbedViewExampleController.m */,
				9059E309154F670300E2813A /* FirstTabbedViewController.h */,
				9059E30A154F670300E2813A /* FirstTabbedViewController.m */,
				9059E310154F675900E2813A /* SecondTabbedViewController.h */,
				9059E311154F675900E2813A /* SecondTabbedViewController.m */,
			);
			name = TabbedViewExample;
			sourceTree = "<group>";
		};
		906567ED152AB56300201339 /* GLES2Sample */ = {
			isa = PBXGroup;
			children = (
				906567EE152AB56300201339 /* EAGLView.h */,
				906567EF152AB56300201339 /* EAGLView.m */,
				906567F0152AB56300201339 /* ES1Renderer.h */,
				906567F1152AB56300201339 /* ES1Renderer.m */,
				906567F2152AB56300201339 /* ES2Renderer.h */,
				906567F3152AB56300201339 /* ES2Renderer.m */,
				906567F4152AB56300201339 /* ESRenderer.h */,
				906567F5152AB56300201339 /* matrix.c */,
				906567F6152AB56300201339 /* matrix.h */,
				906567F7152AB56300201339 /* Shaders.h */,
				906567F8152AB56300201339 /* Shaders.m */,
				906567F9152AB56300201339 /* template.fsh */,
				906567FA152AB56300201339 /* template.vsh */,
			);
			name = GLES2Sample;
			path = OpenGLExample/GLES2Sample;
			sourceTree = "<group>";
		};
		90ABE4001505387B005D069C /* AdvancedLayoutUseCases */ = {
			isa = PBXGroup;
			children = (
				9059E301154F610D00E2813A /* TabbedViewExample */,
				9059E2F4154F53AB00E2813A /* ScrollViewExample */,
				9037E9F11540850600141E45 /* TableViewExample */,
				9020C327150F9A9B002862A2 /* OpenGLExample */,
			);
			path = AdvancedLayoutUseCases;
			sourceTree = "<group>";
		};
		CF6D9530162F5B980087D7B8 /* GoogleAdMobAdsSDK */ = {
			isa = PBXGroup;
			children = (
				CF6D9531162F5B980087D7B8 /* GADAdMobExtras.h */,
				CF6D9532162F5B980087D7B8 /* GADAdNetworkExtras.h */,
				CF6D9533162F5B980087D7B8 /* GADAdSize.h */,
				CF6D9534162F5B980087D7B8 /* GADBannerView.h */,
				CF6D9535162F5B980087D7B8 /* GADBannerViewDelegate.h */,
				CF6D9536162F5B980087D7B8 /* GADInterstitial.h */,
				CF6D9537162F5B980087D7B8 /* GADInterstitialDelegate.h */,
				CF6D9538162F5B980087D7B8 /* GADRequest.h */,
				CF6D9539162F5B980087D7B8 /* GADRequestError.h */,
				CF6D953A162F5B980087D7B8 /* libGoogleAdMobAds.a */,
			);
			path = GoogleAdMobAdsSDK;
			sourceTree = SOURCE_ROOT;
		};
/* End PBXGroup section */

/* Begin PBXNativeTarget section */
		1D6058900D05DD3D006BFB54 /* AdCatalog */ = {
			isa = PBXNativeTarget;
			buildConfigurationList = 1D6058960D05DD3E006BFB54 /* Build configuration list for PBXNativeTarget "AdCatalog" */;
			buildPhases = (
				1D60588D0D05DD3D006BFB54 /* Resources */,
				1D60588E0D05DD3D006BFB54 /* Sources */,
				1D60588F0D05DD3D006BFB54 /* Frameworks */,
			);
			buildRules = (
			);
			dependencies = (
			);
			name = AdCatalog;
			productName = AdCatalog;
			productReference = 1D6058910D05DD3D006BFB54 /* AdCatalog.app */;
			productType = "com.apple.product-type.application";
		};
/* End PBXNativeTarget section */

/* Begin PBXProject section */
		29B97313FDCFA39411CA2CEA /* Project object */ = {
			isa = PBXProject;
			attributes = {
				LastUpgradeCheck = 0420;
			};
			buildConfigurationList = C01FCF4E08A954540054247B /* Build configuration list for PBXProject "AdCatalog" */;
			compatibilityVersion = "Xcode 3.2";
			developmentRegion = English;
			hasScannedForEncodings = 1;
			knownRegions = (
				English,
				Japanese,
				French,
				German,
			);
			mainGroup = 29B97314FDCFA39411CA2CEA /* CustomTemplate */;
			projectDirPath = "";
			projectRoot = "";
			targets = (
				1D6058900D05DD3D006BFB54 /* AdCatalog */,
			);
		};
/* End PBXProject section */

/* Begin PBXResourcesBuildPhase section */
		1D60588D0D05DD3D006BFB54 /* Resources */ = {
			isa = PBXResourcesBuildPhase;
			buildActionMask = 2147483647;
			files = (
				6B55A33413174C0F009B7D03 /* BannerCatalogController.xib in Resources */,
				6B55A33513174C0F009B7D03 /* Default.png in Resources */,
				6B55A33613174C0F009B7D03 /* GameLevelController.xib in Resources */,
				6B55A33713174C0F009B7D03 /* Icon.png in Resources */,
				6B55A33813174C0F009B7D03 /* InitialImage.png in Resources */,
				6B55A33913174C0F009B7D03 /* InterstitialCatalogController.xib in Resources */,
				6B55A33A13174C0F009B7D03 /* Level0Cell.png in Resources */,
				6B55A33B13174C0F009B7D03 /* Level1Cell.png in Resources */,
				6B55A33C13174C0F009B7D03 /* MainController.xib in Resources */,
				6B55A33D13174C0F009B7D03 /* MainWindow.xib in Resources */,
				6B55A33E13174C0F009B7D03 /* VideoListController.xib in Resources */,
				6B55A33F13174C0F009B7D03 /* Earthquake.mp4 in Resources */,
				6B55A34013174C0F009B7D03 /* FillInTheBlanks.mp4 in Resources */,
				6B55A34113174C0F009B7D03 /* PackageTracking.mp4 in Resources */,
				6B55A670131893ED009B7D03 /* Page0.png in Resources */,
				90ABE40B150570B1005D069C /* TableViewExampleController.xib in Resources */,
				9020C329150F9AE8002862A2 /* OpenGLExampleController.xib in Resources */,
				9037E9F6154085E400141E45 /* AdvancedLayoutCatalogController.xib in Resources */,
				9059E2FC154F543600E2813A /* ScrollViewExampleController.xib in Resources */,
				9059E308154F619E00E2813A /* TabbedViewExampleController.xib in Resources */,
				9059E30F154F672C00E2813A /* FirstTabbedViewController.xib in Resources */,
				9059E316154F67A800E2813A /* SecondTabbedViewController.xib in Resources */,
				90D4D93A154F7BB80060A156 /* FirstTabIcon.png in Resources */,
				90D4D93C154F7BB80060A156 /* SecondTabIcon.png in Resources */,
				9003BFD01583E3C700505C79 /* MainWindow-iPad.xib in Resources */,
				90A1B4B71613CF27008819C3 /* Default-568h@2x.png in Resources */,
			);
			runOnlyForDeploymentPostprocessing = 0;
		};
/* End PBXResourcesBuildPhase section */

/* Begin PBXSourcesBuildPhase section */
		1D60588E0D05DD3D006BFB54 /* Sources */ = {
			isa = PBXSourcesBuildPhase;
			buildActionMask = 2147483647;
			files = (
				1D60589B0D05DD56006BFB54 /* main.m in Sources */,
				1D3623260D0F684500981E51 /* AdCatalogAppDelegate.m in Sources */,
				6BB0D82F1315947100BB7AEB /* MainController.m in Sources */,
				6BB0D89B1315B44900BB7AEB /* BannerCatalogController.m in Sources */,
				6BB0D89C1315B44900BB7AEB /* InterstitialCatalogController.m in Sources */,
				6B55A41A13183627009B7D03 /* GameController.m in Sources */,
				6B55A41B13183627009B7D03 /* GameLevelController.m in Sources */,
				6B55A41C13183627009B7D03 /* InterstitialRootController.m in Sources */,
				6B55A41D13183627009B7D03 /* VideoController.m in Sources */,
				6B55A41E13183627009B7D03 /* VideoListController.m in Sources */,
				9049921914F6B371006D6A66 /* AdvancedLayoutCatalogController.m in Sources */,
				90ABE3E31504603B005D069C /* AdvancedLayoutUseCase.m in Sources */,
				90ABE3E71504625E005D069C /* AdvancedLayoutDataSource.m in Sources */,
				9020C325150F9A80002862A2 /* OpenGLExampleController.m in Sources */,
				906567FB152AB56300201339 /* EAGLView.m in Sources */,
				906567FC152AB56300201339 /* ES1Renderer.m in Sources */,
				906567FD152AB56300201339 /* ES2Renderer.m in Sources */,
				906567FE152AB56300201339 /* matrix.c in Sources */,
				906567FF152AB56300201339 /* Shaders.m in Sources */,
				90656800152AB56300201339 /* template.fsh in Sources */,
				90656801152AB56300201339 /* template.vsh in Sources */,
				9037E9F41540850600141E45 /* TableViewExampleController.m in Sources */,
				9059E2F9154F53E600E2813A /* ScrollViewExampleController.m in Sources */,
				9059E305154F615F00E2813A /* TabbedViewExampleController.m in Sources */,
				9059E30C154F670300E2813A /* FirstTabbedViewController.m in Sources */,
				9059E313154F675900E2813A /* SecondTabbedViewController.m in Sources */,
				90AA068815CC9BA3008B151D /* AdCatalogUtilities.m in Sources */,
				90BA222A15DAD192008E685E /* AdType.m in Sources */,
				90BA222E15DAD24C008E685E /* AdTypeDataSource.m in Sources */,
				90BA223115DAD522008E685E /* Movie.m in Sources */,
				90BA223415DAD594008E685E /* MovieDataSource.m in Sources */,
				90BA223715DAD6C1008E685E /* InterstitialUseCase.m in Sources */,
				90BA223A15DAD731008E685E /* InterstitialUseCaseDataSource.m in Sources */,
				90BA223D15DAD900008E685E /* BannerSize.m in Sources */,
				90BA224015DAD95F008E685E /* BannerSizeDataSource.m in Sources */,
			);
			runOnlyForDeploymentPostprocessing = 0;
		};
/* End PBXSourcesBuildPhase section */

/* Begin XCBuildConfiguration section */
		1D6058940D05DD3E006BFB54 /* Debug */ = {
			isa = XCBuildConfiguration;
			buildSettings = {
				ALWAYS_SEARCH_USER_PATHS = NO;
				COPY_PHASE_STRIP = NO;
				GCC_DYNAMIC_NO_PIC = NO;
				GCC_OPTIMIZATION_LEVEL = 0;
				GCC_PRECOMPILE_PREFIX_HEADER = YES;
				GCC_PREFIX_HEADER = AdCatalog_Prefix.pch;
				INFOPLIST_FILE = "AdCatalog-Info.plist";
				IPHONEOS_DEPLOYMENT_TARGET = 5.0;
				LIBRARY_SEARCH_PATHS = (
					"$(inherited)",
					"\"$(SRCROOT)/GoogleAdMobAdsSDK\"",
				);
				OTHER_LDFLAGS = "-ObjC";
				PRODUCT_NAME = AdCatalog;
				TARGETED_DEVICE_FAMILY = "1,2";
			};
			name = Debug;
		};
		1D6058950D05DD3E006BFB54 /* Release */ = {
			isa = XCBuildConfiguration;
			buildSettings = {
				ALWAYS_SEARCH_USER_PATHS = NO;
				COPY_PHASE_STRIP = YES;
				GCC_PRECOMPILE_PREFIX_HEADER = YES;
				GCC_PREFIX_HEADER = AdCatalog_Prefix.pch;
				INFOPLIST_FILE = "AdCatalog-Info.plist";
				IPHONEOS_DEPLOYMENT_TARGET = 5.0;
				LIBRARY_SEARCH_PATHS = (
					"$(inherited)",
					"\"$(SRCROOT)/GoogleAdMobAdsSDK\"",
				);
				OTHER_LDFLAGS = "-ObjC";
				PRODUCT_NAME = AdCatalog;
				TARGETED_DEVICE_FAMILY = "1,2";
				VALIDATE_PRODUCT = YES;
			};
			name = Release;
		};
		C01FCF4F08A954540054247B /* Debug */ = {
			isa = XCBuildConfiguration;
			buildSettings = {
				ARCHS = "$(ARCHS_STANDARD_32_BIT)";
				"CODE_SIGN_IDENTITY[sdk=iphoneos*]" = "iPhone Developer";
				GCC_C_LANGUAGE_STANDARD = c99;
				GCC_TREAT_WARNINGS_AS_ERRORS = YES;
				GCC_WARN_ABOUT_RETURN_TYPE = YES;
				GCC_WARN_UNUSED_VARIABLE = YES;
				OTHER_LDFLAGS = "-lgcov";
				SDKROOT = iphoneos;
			};
			name = Debug;
		};
		C01FCF5008A954540054247B /* Release */ = {
			isa = XCBuildConfiguration;
			buildSettings = {
				ARCHS = "$(ARCHS_STANDARD_32_BIT)";
				"CODE_SIGN_IDENTITY[sdk=iphoneos*]" = "iPhone Developer";
				GCC_C_LANGUAGE_STANDARD = c99;
				GCC_WARN_ABOUT_RETURN_TYPE = YES;
				GCC_WARN_UNUSED_VARIABLE = YES;
				OTHER_CFLAGS = "-DNS_BLOCK_ASSERTIONS=1";
				SDKROOT = iphoneos;
			};
			name = Release;
		};
/* End XCBuildConfiguration section */

/* Begin XCConfigurationList section */
		1D6058960D05DD3E006BFB54 /* Build configuration list for PBXNativeTarget "AdCatalog" */ = {
			isa = XCConfigurationList;
			buildConfigurations = (
				1D6058940D05DD3E006BFB54 /* Debug */,
				1D6058950D05DD3E006BFB54 /* Release */,
			);
			defaultConfigurationIsVisible = 0;
			defaultConfigurationName = Release;
		};
		C01FCF4E08A954540054247B /* Build configuration list for PBXProject "AdCatalog" */ = {
			isa = XCConfigurationList;
			buildConfigurations = (
				C01FCF4F08A954540054247B /* Debug */,
				C01FCF5008A954540054247B /* Release */,
			);
			defaultConfigurationIsVisible = 0;
			defaultConfigurationName = Release;
		};
/* End XCConfigurationList section */
	};
	rootObject = 29B97313FDCFA39411CA2CEA /* Project object */;
}
